# THIS IS AN AUTOGENERATED FILE. DO NOT EDIT THIS FILE DIRECTLY.
# yarn lockfile v1


whatwg-fetch@2.0.2:
  version "2.0.2"
  resolved "https://registry.yarnpkg.com/whatwg-fetch/-/whatwg-fetch-2.0.2.tgz#fe294d1d89e36c5be8b3195057f2e4bc74fc980e"

zone.js@0.7.7:
  version "0.7.7"
  resolved "https://registry.yarnpkg.com/zone.js/-/zone.js-0.7.7.tgz#0d7b7ae7f68012d03438b8a18f5763441bbf9620"
